
Microsoft Visual Studio Solution File, Format Version 12.00
# Visual Studio Version 17
VisualStudioVersion = 17.5.002.0
MinimumVisualStudioVersion = 10.0.40219.1
Project("{9A19103F-16F7-4668-BE54-9A1E7A4F7556}") = "SongbookBuilder", "SongbookBuilder.csproj", "{90B45909-76E8-439F-A240-86C602066FA1}"
EndProject
Global
	GlobalSection(SolutionConfigurationPlatforms) = preSolution
		Debug|Any CPU = Debug|Any CPU
		Release|Any CPU = Release|Any CPU
	EndGlobalSection
	GlobalSection(ProjectConfigurationPlatforms) = postSolution
		{90B45909-76E8-439F-A240-86C602066FA1}.Debug|Any CPU.ActiveCfg = Debug|Any CPU
		{90B45909-76E8-439F-A240-86C602066FA1}.Debug|Any CPU.Build.0 = Debug|Any CPU
		{90B45909-76E8-439F-A240-86C602066FA1}.Release|Any CPU.ActiveCfg = Release|Any CPU
		{90B45909-76E8-439F-A240-86C602066FA1}.Release|Any CPU.Build.0 = Release|Any CPU
	EndGlobalSection
	GlobalSection(SolutionProperties) = preSolution
		HideSolutionNode = FALSE
	EndGlobalSection
	GlobalSection(ExtensibilityGlobals) = postSolution
		SolutionGuid = {ADAF51C4-4C5A-45D5-A628-45B95EB5A10C}
	EndGlobalSection
EndGlobal
